
Microsoft Visual Studio Solution File, Format Version 12.00
# Visual Studio Version 17
VisualStudioVersion = 17.9.34607.119
MinimumVisualStudioVersion = 10.0.40219.1
Project("{9A19103F-16F7-4668-BE54-9A1E7A4F7556}") = "Syncf", "Syncf\Syncf.csproj", "{CB63B675-9185-4E6F-9B59-3F147584AF8B}"
EndProject
Project("{2150E333-8FDC-42A3-9474-1A3956D46DE8}") = "Elementi di soluzione", "Elementi di soluzione", "{C65A7743-9898-4C99-B1B9-A5379EEB3A4E}"
	ProjectSection(SolutionItems) = preProject
		prebuild.bat = prebuild.bat
	EndProjectSection
EndProject
Global
	GlobalSection(SolutionConfigurationPlatforms) = preSolution
		Debug|Any CPU = Debug|Any CPU
		Release|Any CPU = Release|Any CPU
	EndGlobalSection
	GlobalSection(ProjectConfigurationPlatforms) = postSolution
		{CB63B675-9185-4E6F-9B59-3F147584AF8B}.Debug|Any CPU.ActiveCfg = Debug|Any CPU
		{CB63B675-9185-4E6F-9B59-3F147584AF8B}.Debug|Any CPU.Build.0 = Debug|Any CPU
		{CB63B675-9185-4E6F-9B59-3F147584AF8B}.Release|Any CPU.ActiveCfg = Release|Any CPU
		{CB63B675-9185-4E6F-9B59-3F147584AF8B}.Release|Any CPU.Build.0 = Release|Any CPU
	EndGlobalSection
	GlobalSection(SolutionProperties) = preSolution
		HideSolutionNode = FALSE
	EndGlobalSection
	GlobalSection(ExtensibilityGlobals) = postSolution
		SolutionGuid = {3CC4FC8F-5832-4A8D-8203-CD283ADBD067}
	EndGlobalSection
EndGlobal
